// !$*UTF8*$!
{
	archiveVersion = 1;
	classes = {
	};
	objectVersion = 56;
	objects = {

/* Begin PBXBuildFile section */
		065782222D21016800CDAA7E /* api.swift in Sources */ = {isa = PBXBuildFile; fileRef = 065782212D21016800CDAA7E /* api.swift */; };
		065782242D21039D00CDAA7E /* Secrets.plist in Resources */ = {isa = PBXBuildFile; fileRef = 065782232D21039D00CDAA7E /* Secrets.plist */; };
		068FE3882B1544D100CEFE40 /* Phase_3App.swift in Sources */ = {isa = PBXBuildFile; fileRef = 068FE3872B1544D100CEFE40 /* Phase_3App.swift */; };
		068FE38A2B1544D100CEFE40 /* ContentView.swift in Sources */ = {isa = PBXBuildFile; fileRef = 068FE3892B1544D100CEFE40 /* ContentView.swift */; };
		068FE38C2B1544D400CEFE40 /* Assets.xcassets in Resources */ = {isa = PBXBuildFile; fileRef = 068FE38B2B1544D400CEFE40 /* Assets.xcassets */; };
		068FE38F2B1544D400CEFE40 /* Preview Assets.xcassets in Resources */ = {isa = PBXBuildFile; fileRef = 068FE38E2B1544D400CEFE40 /* Preview Assets.xcassets */; };
		068FE3992B1544D500CEFE40 /* Phase_3Tests.swift in Sources */ = {isa = PBXBuildFile; fileRef = 068FE3982B1544D500CEFE40 /* Phase_3Tests.swift */; };
		068FE3A32B1544D500CEFE40 /* Phase_3UITests.swift in Sources */ = {isa = PBXBuildFile; fileRef = 068FE3A22B1544D500CEFE40 /* Phase_3UITests.swift */; };
		068FE3A52B1544D500CEFE40 /* Phase_3UITestsLaunchTests.swift in Sources */ = {isa = PBXBuildFile; fileRef = 068FE3A42B1544D500CEFE40 /* Phase_3UITestsLaunchTests.swift */; };
		068FE3B22B15452D00CEFE40 /* user.swift in Sources */ = {isa = PBXBuildFile; fileRef = 068FE3B12B15452D00CEFE40 /* user.swift */; };
		068FE3B42B15454F00CEFE40 /* coffee.swift in Sources */ = {isa = PBXBuildFile; fileRef = 068FE3B32B15454F00CEFE40 /* coffee.swift */; };
		068FE3B62B15456600CEFE40 /* choose.swift in Sources */ = {isa = PBXBuildFile; fileRef = 068FE3B52B15456600CEFE40 /* choose.swift */; };
		068FE3B82B15458500CEFE40 /* login.swift in Sources */ = {isa = PBXBuildFile; fileRef = 068FE3B72B15458500CEFE40 /* login.swift */; };
		068FE3BA2B1546A700CEFE40 /* DetailView.swift in Sources */ = {isa = PBXBuildFile; fileRef = 068FE3B92B1546A700CEFE40 /* DetailView.swift */; };
		068FE3BC2B1546BC00CEFE40 /* HomeViewModel.swift in Sources */ = {isa = PBXBuildFile; fileRef = 068FE3BB2B1546BC00CEFE40 /* HomeViewModel.swift */; };
		068FE3BE2B1546CC00CEFE40 /* AuthView.swift in Sources */ = {isa = PBXBuildFile; fileRef = 068FE3BD2B1546CC00CEFE40 /* AuthView.swift */; };
		068FE3C02B1546E200CEFE40 /* HomePage.swift in Sources */ = {isa = PBXBuildFile; fileRef = 068FE3BF2B1546E200CEFE40 /* HomePage.swift */; };
		068FE3C22B15470700CEFE40 /* YelpApiService.swift in Sources */ = {isa = PBXBuildFile; fileRef = 068FE3C12B15470700CEFE40 /* YelpApiService.swift */; };
		068FE3C42B15472B00CEFE40 /* CafeListView.swift in Sources */ = {isa = PBXBuildFile; fileRef = 068FE3C32B15472B00CEFE40 /* CafeListView.swift */; };
		068FE3C62B15475300CEFE40 /* LocationManager.swift in Sources */ = {isa = PBXBuildFile; fileRef = 068FE3C52B15475300CEFE40 /* LocationManager.swift */; };
		068FE3C82B1548FA00CEFE40 /* GoogleService-Info.plist in Resources */ = {isa = PBXBuildFile; fileRef = 068FE3C72B1548F900CEFE40 /* GoogleService-Info.plist */; };
		068FE3CB2B154A6900CEFE40 /* FirebaseAuth in Frameworks */ = {isa = PBXBuildFile; productRef = 068FE3CA2B154A6900CEFE40 /* FirebaseAuth */; };
		068FE3CD2B154A6900CEFE40 /* FirebaseFirestore in Frameworks */ = {isa = PBXBuildFile; productRef = 068FE3CC2B154A6900CEFE40 /* FirebaseFirestore */; };
/* End PBXBuildFile section */

/* Begin PBXContainerItemProxy section */
		068FE3952B1544D500CEFE40 /* PBXContainerItemProxy */ = {
			isa = PBXContainerItemProxy;
			containerPortal = 068FE37C2B1544D100CEFE40 /* Project object */;
			proxyType = 1;
			remoteGlobalIDString = 068FE3832B1544D100CEFE40;
			remoteInfo = Phase_3;
		};
		068FE39F2B1544D500CEFE40 /* PBXContainerItemProxy */ = {
			isa = PBXContainerItemProxy;
			containerPortal = 068FE37C2B1544D100CEFE40 /* Project object */;
			proxyType = 1;
			remoteGlobalIDString = 068FE3832B1544D100CEFE40;
			remoteInfo = Phase_3;
		};
/* End PBXContainerItemProxy section */

/* Begin PBXFileReference section */
		065782212D21016800CDAA7E /* api.swift */ = {isa = PBXFileReference; lastKnownFileType = sourcecode.swift; path = api.swift; sourceTree = "<group>"; };
		065782232D21039D00CDAA7E /* Secrets.plist */ = {isa = PBXFileReference; lastKnownFileType = text.plist.xml; path = Secrets.plist; sourceTree = "<group>"; };
		068FE3842B1544D100CEFE40 /* Phase_3.app */ = {isa = PBXFileReference; explicitFileType = wrapper.application; includeInIndex = 0; path = Phase_3.app; sourceTree = BUILT_PRODUCTS_DIR; };
		068FE3872B1544D100CEFE40 /* Phase_3App.swift */ = {isa = PBXFileReference; lastKnownFileType = sourcecode.swift; path = Phase_3App.swift; sourceTree = "<group>"; };
		068FE3892B1544D100CEFE40 /* ContentView.swift */ = {isa = PBXFileReference; lastKnownFileType = sourcecode.swift; path = ContentView.swift; sourceTree = "<group>"; };
		068FE38B2B1544D400CEFE40 /* Assets.xcassets */ = {isa = PBXFileReference; lastKnownFileType = folder.assetcatalog; path = Assets.xcassets; sourceTree = "<group>"; };
		068FE38E2B1544D400CEFE40 /* Preview Assets.xcassets */ = {isa = PBXFileReference; lastKnownFileType = folder.assetcatalog; path = "Preview Assets.xcassets"; sourceTree = "<group>"; };
		068FE3942B1544D500CEFE40 /* Phase_3Tests.xctest */ = {isa = PBXFileReference; explicitFileType = wrapper.cfbundle; includeInIndex = 0; path = Phase_3Tests.xctest; sourceTree = BUILT_PRODUCTS_DIR; };
		068FE3982B1544D500CEFE40 /* Phase_3Tests.swift */ = {isa = PBXFileReference; lastKnownFileType = sourcecode.swift; path = Phase_3Tests.swift; sourceTree = "<group>"; };
		068FE39E2B1544D500CEFE40 /* Phase_3UITests.xctest */ = {isa = PBXFileReference; explicitFileType = wrapper.cfbundle; includeInIndex = 0; path = Phase_3UITests.xctest; sourceTree = BUILT_PRODUCTS_DIR; };
		068FE3A22B1544D500CEFE40 /* Phase_3UITests.swift */ = {isa = PBXFileReference; lastKnownFileType = sourcecode.swift; path = Phase_3UITests.swift; sourceTree = "<group>"; };
		068FE3A42B1544D500CEFE40 /* Phase_3UITestsLaunchTests.swift */ = {isa = PBXFileReference; lastKnownFileType = sourcecode.swift; path = Phase_3UITestsLaunchTests.swift; sourceTree = "<group>"; };
		068FE3B12B15452D00CEFE40 /* user.swift */ = {isa = PBXFileReference; lastKnownFileType = sourcecode.swift; path = user.swift; sourceTree = "<group>"; };
		068FE3B32B15454F00CEFE40 /* coffee.swift */ = {isa = PBXFileReference; lastKnownFileType = sourcecode.swift; path = coffee.swift; sourceTree = "<group>"; };
		068FE3B52B15456600CEFE40 /* choose.swift */ = {isa = PBXFileReference; lastKnownFileType = sourcecode.swift; path = choose.swift; sourceTree = "<group>"; };
		068FE3B72B15458500CEFE40 /* login.swift */ = {isa = PBXFileReference; lastKnownFileType = sourcecode.swift; path = login.swift; sourceTree = "<group>"; };
		068FE3B92B1546A700CEFE40 /* DetailView.swift */ = {isa = PBXFileReference; lastKnownFileType = sourcecode.swift; path = DetailView.swift; sourceTree = "<group>"; };
		068FE3BB2B1546BC00CEFE40 /* HomeViewModel.swift */ = {isa = PBXFileReference; lastKnownFileType = sourcecode.swift; path = HomeViewModel.swift; sourceTree = "<group>"; };
		068FE3BD2B1546CC00CEFE40 /* AuthView.swift */ = {isa = PBXFileReference; lastKnownFileType = sourcecode.swift; path = AuthView.swift; sourceTree = "<group>"; };
		068FE3BF2B1546E200CEFE40 /* HomePage.swift */ = {isa = PBXFileReference; lastKnownFileType = sourcecode.swift; path = HomePage.swift; sourceTree = "<group>"; };
		068FE3C12B15470700CEFE40 /* YelpApiService.swift */ = {isa = PBXFileReference; lastKnownFileType = sourcecode.swift; path = YelpApiService.swift; sourceTree = "<group>"; };
		068FE3C32B15472B00CEFE40 /* CafeListView.swift */ = {isa = PBXFileReference; lastKnownFileType = sourcecode.swift; path = CafeListView.swift; sourceTree = "<group>"; };
		068FE3C52B15475300CEFE40 /* LocationManager.swift */ = {isa = PBXFileReference; lastKnownFileType = sourcecode.swift; path = LocationManager.swift; sourceTree = "<group>"; };
		068FE3C72B1548F900CEFE40 /* GoogleService-Info.plist */ = {isa = PBXFileReference; fileEncoding = 4; lastKnownFileType = text.plist.xml; path = "GoogleService-Info.plist"; sourceTree = "<group>"; };
/* End PBXFileReference section */

/* Begin PBXFrameworksBuildPhase section */
		068FE3812B1544D100CEFE40 /* Frameworks */ = {
			isa = PBXFrameworksBuildPhase;
			buildActionMask = 2147483647;
			files = (
				068FE3CB2B154A6900CEFE40 /* FirebaseAuth in Frameworks */,
				068FE3CD2B154A6900CEFE40 /* FirebaseFirestore in Frameworks */,
			);
			runOnlyForDeploymentPostprocessing = 0;
		};
		068FE3912B1544D500CEFE40 /* Frameworks */ = {
			isa = PBXFrameworksBuildPhase;
			buildActionMask = 2147483647;
			files = (
			);
			runOnlyForDeploymentPostprocessing = 0;
		};
		068FE39B2B1544D500CEFE40 /* Frameworks */ = {
			isa = PBXFrameworksBuildPhase;
			buildActionMask = 2147483647;
			files = (
			);
			runOnlyForDeploymentPostprocessing = 0;
		};
/* End PBXFrameworksBuildPhase section */

/* Begin PBXGroup section */
		068FE37B2B1544D100CEFE40 = {
			isa = PBXGroup;
			children = (
				065782232D21039D00CDAA7E /* Secrets.plist */,
				068FE3862B1544D100CEFE40 /* Phase_3 */,
				068FE3972B1544D500CEFE40 /* Phase_3Tests */,
				068FE3A12B1544D500CEFE40 /* Phase_3UITests */,
				068FE3852B1544D100CEFE40 /* Products */,
			);
			sourceTree = "<group>";
		};
		068FE3852B1544D100CEFE40 /* Products */ = {
			isa = PBXGroup;
			children = (
				068FE3842B1544D100CEFE40 /* Phase_3.app */,
				068FE3942B1544D500CEFE40 /* Phase_3Tests.xctest */,
				068FE39E2B1544D500CEFE40 /* Phase_3UITests.xctest */,
			);
			name = Products;
			sourceTree = "<group>";
		};
		068FE3862B1544D100CEFE40 /* Phase_3 */ = {
			isa = PBXGroup;
			children = (
				068FE3872B1544D100CEFE40 /* Phase_3App.swift */,
				068FE3892B1544D100CEFE40 /* ContentView.swift */,
				065782212D21016800CDAA7E /* api.swift */,
				068FE3B12B15452D00CEFE40 /* user.swift */,
				068FE3B32B15454F00CEFE40 /* coffee.swift */,
				068FE3B52B15456600CEFE40 /* choose.swift */,
				068FE3B72B15458500CEFE40 /* login.swift */,
				068FE3B92B1546A700CEFE40 /* DetailView.swift */,
				068FE3BB2B1546BC00CEFE40 /* HomeViewModel.swift */,
				068FE3BD2B1546CC00CEFE40 /* AuthView.swift */,
				068FE3C72B1548F900CEFE40 /* GoogleService-Info.plist */,
				068FE3BF2B1546E200CEFE40 /* HomePage.swift */,
				068FE3C12B15470700CEFE40 /* YelpApiService.swift */,
				068FE3C32B15472B00CEFE40 /* CafeListView.swift */,
				068FE3C52B15475300CEFE40 /* LocationManager.swift */,
				068FE38B2B1544D400CEFE40 /* Assets.xcassets */,
				068FE38D2B1544D400CEFE40 /* Preview Content */,
			);
			path = Phase_3;
			sourceTree = "<group>";
		};
		068FE38D2B1544D400CEFE40 /* Preview Content */ = {
			isa = PBXGroup;
			children = (
				068FE38E2B1544D400CEFE40 /* Preview Assets.xcassets */,
			);
			path = "Preview Content";
			sourceTree = "<group>";
		};
		068FE3972B1544D500CEFE40 /* Phase_3Tests */ = {
			isa = PBXGroup;
			children = (
				068FE3982B1544D500CEFE40 /* Phase_3Tests.swift */,
			);
			path = Phase_3Tests;
			sourceTree = "<group>";
		};
		068FE3A12B1544D500CEFE40 /* Phase_3UITests */ = {
			isa = PBXGroup;
			children = (
				068FE3A22B1544D500CEFE40 /* Phase_3UITests.swift */,
				068FE3A42B1544D500CEFE40 /* Phase_3UITestsLaunchTests.swift */,
			);
			path = Phase_3UITests;
			sourceTree = "<group>";
		};
/* End PBXGroup section */

/* Begin PBXNativeTarget section */
		068FE3832B1544D100CEFE40 /* Phase_3 */ = {
			isa = PBXNativeTarget;
			buildConfigurationList = 068FE3A82B1544D500CEFE40 /* Build configuration list for PBXNativeTarget "Phase_3" */;
			buildPhases = (
				068FE3802B1544D100CEFE40 /* Sources */,
				068FE3812B1544D100CEFE40 /* Frameworks */,
				068FE3822B1544D100CEFE40 /* Resources */,
			);
			buildRules = (
			);
			dependencies = (
			);
			name = Phase_3;
			packageProductDependencies = (
				068FE3CA2B154A6900CEFE40 /* FirebaseAuth */,
				068FE3CC2B154A6900CEFE40 /* FirebaseFirestore */,
			);
			productName = Phase_3;
			productReference = 068FE3842B1544D100CEFE40 /* Phase_3.app */;
			productType = "com.apple.product-type.application";
		};
		068FE3932B1544D500CEFE40 /* Phase_3Tests */ = {
			isa = PBXNativeTarget;
			buildConfigurationList = 068FE3AB2B1544D500CEFE40 /* Build configuration list for PBXNativeTarget "Phase_3Tests" */;
			buildPhases = (
				068FE3902B1544D500CEFE40 /* Sources */,
				068FE3912B1544D500CEFE40 /* Frameworks */,
				068FE3922B1544D500CEFE40 /* Resources */,
			);
			buildRules = (
			);
			dependencies = (
				068FE3962B1544D500CEFE40 /* PBXTargetDependency */,
			);
			name = Phase_3Tests;
			productName = Phase_3Tests;
			productReference = 068FE3942B1544D500CEFE40 /* Phase_3Tests.xctest */;
			productType = "com.apple.product-type.bundle.unit-test";
		};
		068FE39D2B1544D500CEFE40 /* Phase_3UITests */ = {
			isa = PBXNativeTarget;
			buildConfigurationList = 068FE3AE2B1544D500CEFE40 /* Build configuration list for PBXNativeTarget "Phase_3UITests" */;
			buildPhases = (
				068FE39A2B1544D500CEFE40 /* Sources */,
				068FE39B2B1544D500CEFE40 /* Frameworks */,
				068FE39C2B1544D500CEFE40 /* Resources */,
			);
			buildRules = (
			);
			dependencies = (
				068FE3A02B1544D500CEFE40 /* PBXTargetDependency */,
			);
			name = Phase_3UITests;
			productName = Phase_3UITests;
			productReference = 068FE39E2B1544D500CEFE40 /* Phase_3UITests.xctest */;
			productType = "com.apple.product-type.bundle.ui-testing";
		};
/* End PBXNativeTarget section */

/* Begin PBXProject section */
		068FE37C2B1544D100CEFE40 /* Project object */ = {
			isa = PBXProject;
			attributes = {
				BuildIndependentTargetsInParallel = 1;
				LastSwiftUpdateCheck = 1500;
				LastUpgradeCheck = 1500;
				TargetAttributes = {
					068FE3832B1544D100CEFE40 = {
						CreatedOnToolsVersion = 15.0.1;
					};
					068FE3932B1544D500CEFE40 = {
						CreatedOnToolsVersion = 15.0.1;
						TestTargetID = 068FE3832B1544D100CEFE40;
					};
					068FE39D2B1544D500CEFE40 = {
						CreatedOnToolsVersion = 15.0.1;
						TestTargetID = 068FE3832B1544D100CEFE40;
					};
				};
			};
			buildConfigurationList = 068FE37F2B1544D100CEFE40 /* Build configuration list for PBXProject "Phase_3" */;
			compatibilityVersion = "Xcode 14.0";
			developmentRegion = en;
			hasScannedForEncodings = 0;
			knownRegions = (
				en,
				Base,
			);
			mainGroup = 068FE37B2B1544D100CEFE40;
			packageReferences = (
				068FE3C92B154A6900CEFE40 /* XCRemoteSwiftPackageReference "firebase-ios-sdk" */,
			);
			productRefGroup = 068FE3852B1544D100CEFE40 /* Products */;
			projectDirPath = "";
			projectRoot = "";
			targets = (
				068FE3832B1544D100CEFE40 /* Phase_3 */,
				068FE3932B1544D500CEFE40 /* Phase_3Tests */,
				068FE39D2B1544D500CEFE40 /* Phase_3UITests */,
			);
		};
/* End PBXProject section */

/* Begin PBXResourcesBuildPhase section */
		068FE3822B1544D100CEFE40 /* Resources */ = {
			isa = PBXResourcesBuildPhase;
			buildActionMask = 2147483647;
			files = (
				065782242D21039D00CDAA7E /* Secrets.plist in Resources */,
				068FE38F2B1544D400CEFE40 /* Preview Assets.xcassets in Resources */,
				068FE38C2B1544D400CEFE40 /* Assets.xcassets in Resources */,
				068FE3C82B1548FA00CEFE40 /* GoogleService-Info.plist in Resources */,
			);
			runOnlyForDeploymentPostprocessing = 0;
		};
		068FE3922B1544D500CEFE40 /* Resources */ = {
			isa = PBXResourcesBuildPhase;
			buildActionMask = 2147483647;
			files = (
			);
			runOnlyForDeploymentPostprocessing = 0;
		};
		068FE39C2B1544D500CEFE40 /* Resources */ = {
			isa = PBXResourcesBuildPhase;
			buildActionMask = 2147483647;
			files = (
			);
			runOnlyForDeploymentPostprocessing = 0;
		};
/* End PBXResourcesBuildPhase section */

/* Begin PBXSourcesBuildPhase section */
		068FE3802B1544D100CEFE40 /* Sources */ = {
			isa = PBXSourcesBuildPhase;
			buildActionMask = 2147483647;
			files = (
				065782222D21016800CDAA7E /* api.swift in Sources */,
				068FE38A2B1544D100CEFE40 /* ContentView.swift in Sources */,
				068FE3B82B15458500CEFE40 /* login.swift in Sources */,
				068FE3B62B15456600CEFE40 /* choose.swift in Sources */,
				068FE3BC2B1546BC00CEFE40 /* HomeViewModel.swift in Sources */,
				068FE3C22B15470700CEFE40 /* YelpApiService.swift in Sources */,
				068FE3BA2B1546A700CEFE40 /* DetailView.swift in Sources */,
				068FE3C02B1546E200CEFE40 /* HomePage.swift in Sources */,
				068FE3C42B15472B00CEFE40 /* CafeListView.swift in Sources */,
				068FE3882B1544D100CEFE40 /* Phase_3App.swift in Sources */,
				068FE3B22B15452D00CEFE40 /* user.swift in Sources */,
				068FE3B42B15454F00CEFE40 /* coffee.swift in Sources */,
				068FE3BE2B1546CC00CEFE40 /* AuthView.swift in Sources */,
				068FE3C62B15475300CEFE40 /* LocationManager.swift in Sources */,
			);
			runOnlyForDeploymentPostprocessing = 0;
		};
		068FE3902B1544D500CEFE40 /* Sources */ = {
			isa = PBXSourcesBuildPhase;
			buildActionMask = 2147483647;
			files = (
				068FE3992B1544D500CEFE40 /* Phase_3Tests.swift in Sources */,
			);
			runOnlyForDeploymentPostprocessing = 0;
		};
		068FE39A2B1544D500CEFE40 /* Sources */ = {
			isa = PBXSourcesBuildPhase;
			buildActionMask = 2147483647;
			files = (
				068FE3A52B1544D500CEFE40 /* Phase_3UITestsLaunchTests.swift in Sources */,
				068FE3A32B1544D500CEFE40 /* Phase_3UITests.swift in Sources */,
			);
			runOnlyForDeploymentPostprocessing = 0;
		};
/* End PBXSourcesBuildPhase section */

/* Begin PBXTargetDependency section */
		068FE3962B1544D500CEFE40 /* PBXTargetDependency */ = {
			isa = PBXTargetDependency;
			target = 068FE3832B1544D100CEFE40 /* Phase_3 */;
			targetProxy = 068FE3952B1544D500CEFE40 /* PBXContainerItemProxy */;
		};
		068FE3A02B1544D500CEFE40 /* PBXTargetDependency */ = {
			isa = PBXTargetDependency;
			target = 068FE3832B1544D100CEFE40 /* Phase_3 */;
			targetProxy = 068FE39F2B1544D500CEFE40 /* PBXContainerItemProxy */;
		};
/* End PBXTargetDependency section */

/* Begin XCBuildConfiguration section */
		068FE3A62B1544D500CEFE40 /* Debug */ = {
			isa = XCBuildConfiguration;
			buildSettings = {
				ALWAYS_SEARCH_USER_PATHS = NO;
				ASSETCATALOG_COMPILER_GENERATE_SWIFT_ASSET_SYMBOL_EXTENSIONS = YES;
				CLANG_ANALYZER_NONNULL = YES;
				CLANG_ANALYZER_NUMBER_OBJECT_CONVERSION = YES_AGGRESSIVE;
				CLANG_CXX_LANGUAGE_STANDARD = "gnu++20";
				CLANG_ENABLE_MODULES = YES;
				CLANG_ENABLE_OBJC_ARC = YES;
				CLANG_ENABLE_OBJC_WEAK = YES;
				CLANG_WARN_BLOCK_CAPTURE_AUTORELEASING = YES;
				CLANG_WARN_BOOL_CONVERSION = YES;
				CLANG_WARN_COMMA = YES;
				CLANG_WARN_CONSTANT_CONVERSION = YES;
				CLANG_WARN_DEPRECATED_OBJC_IMPLEMENTATIONS = YES;
				CLANG_WARN_DIRECT_OBJC_ISA_USAGE = YES_ERROR;
				CLANG_WARN_DOCUMENTATION_COMMENTS = YES;
				CLANG_WARN_EMPTY_BODY = YES;
				CLANG_WARN_ENUM_CONVERSION = YES;
				CLANG_WARN_INFINITE_RECURSION = YES;
				CLANG_WARN_INT_CONVERSION = YES;
				CLANG_WARN_NON_LITERAL_NULL_CONVERSION = YES;
				CLANG_WARN_OBJC_IMPLICIT_RETAIN_SELF = YES;
				CLANG_WARN_OBJC_LITERAL_CONVERSION = YES;
				CLANG_WARN_OBJC_ROOT_CLASS = YES_ERROR;
				CLANG_WARN_QUOTED_INCLUDE_IN_FRAMEWORK_HEADER = YES;
				CLANG_WARN_RANGE_LOOP_ANALYSIS = YES;
				CLANG_WARN_STRICT_PROTOTYPES = YES;
				CLANG_WARN_SUSPICIOUS_MOVE = YES;
				CLANG_WARN_UNGUARDED_AVAILABILITY = YES_AGGRESSIVE;
				CLANG_WARN_UNREACHABLE_CODE = YES;
				CLANG_WARN__DUPLICATE_METHOD_MATCH = YES;
				COPY_PHASE_STRIP = NO;
				DEBUG_INFORMATION_FORMAT = dwarf;
				ENABLE_STRICT_OBJC_MSGSEND = YES;
				ENABLE_TESTABILITY = YES;
				ENABLE_USER_SCRIPT_SANDBOXING = YES;
				GCC_C_LANGUAGE_STANDARD = gnu17;
				GCC_DYNAMIC_NO_PIC = NO;
				GCC_NO_COMMON_BLOCKS = YES;
				GCC_OPTIMIZATION_LEVEL = 0;
				GCC_PREPROCESSOR_DEFINITIONS = (
					"DEBUG=1",
					"$(inherited)",
				);
				GCC_WARN_64_TO_32_BIT_CONVERSION = YES;
				GCC_WARN_ABOUT_RETURN_TYPE = YES_ERROR;
				GCC_WARN_UNDECLARED_SELECTOR = YES;
				GCC_WARN_UNINITIALIZED_AUTOS = YES_AGGRESSIVE;
				GCC_WARN_UNUSED_FUNCTION = YES;
				GCC_WARN_UNUSED_VARIABLE = YES;
				IPHONEOS_DEPLOYMENT_TARGET = 17.0;
				LOCALIZATION_PREFERS_STRING_CATALOGS = YES;
				MTL_ENABLE_DEBUG_INFO = INCLUDE_SOURCE;
				MTL_FAST_MATH = YES;
				ONLY_ACTIVE_ARCH = YES;
				SDKROOT = iphoneos;
				SWIFT_ACTIVE_COMPILATION_CONDITIONS = "DEBUG $(inherited)";
				SWIFT_OPTIMIZATION_LEVEL = "-Onone";
			};
			name = Debug;
		};
		068FE3A72B1544D500CEFE40 /* Release */ = {
			isa = XCBuildConfiguration;
			buildSettings = {
				ALWAYS_SEARCH_USER_PATHS = NO;
				ASSETCATALOG_COMPILER_GENERATE_SWIFT_ASSET_SYMBOL_EXTENSIONS = YES;
				CLANG_ANALYZER_NONNULL = YES;
				CLANG_ANALYZER_NUMBER_OBJECT_CONVERSION = YES_AGGRESSIVE;
				CLANG_CXX_LANGUAGE_STANDARD = "gnu++20";
				CLANG_ENABLE_MODULES = YES;
				CLANG_ENABLE_OBJC_ARC = YES;
				CLANG_ENABLE_OBJC_WEAK = YES;
				CLANG_WARN_BLOCK_CAPTURE_AUTORELEASING = YES;
				CLANG_WARN_BOOL_CONVERSION = YES;
				CLANG_WARN_COMMA = YES;
				CLANG_WARN_CONSTANT_CONVERSION = YES;
				CLANG_WARN_DEPRECATED_OBJC_IMPLEMENTATIONS = YES;
				CLANG_WARN_DIRECT_OBJC_ISA_USAGE = YES_ERROR;
				CLANG_WARN_DOCUMENTATION_COMMENTS = YES;
				CLANG_WARN_EMPTY_BODY = YES;
				CLANG_WARN_ENUM_CONVERSION = YES;
				CLANG_WARN_INFINITE_RECURSION = YES;
				CLANG_WARN_INT_CONVERSION = YES;
				CLANG_WARN_NON_LITERAL_NULL_CONVERSION = YES;
				CLANG_WARN_OBJC_IMPLICIT_RETAIN_SELF = YES;
				CLANG_WARN_OBJC_LITERAL_CONVERSION = YES;
				CLANG_WARN_OBJC_ROOT_CLASS = YES_ERROR;
				CLANG_WARN_QUOTED_INCLUDE_IN_FRAMEWORK_HEADER = YES;
				CLANG_WARN_RANGE_LOOP_ANALYSIS = YES;
				CLANG_WARN_STRICT_PROTOTYPES = YES;
				CLANG_WARN_SUSPICIOUS_MOVE = YES;
				CLANG_WARN_UNGUARDED_AVAILABILITY = YES_AGGRESSIVE;
				CLANG_WARN_UNREACHABLE_CODE = YES;
				CLANG_WARN__DUPLICATE_METHOD_MATCH = YES;
				COPY_PHASE_STRIP = NO;
				DEBUG_INFORMATION_FORMAT = "dwarf-with-dsym";
				ENABLE_NS_ASSERTIONS = NO;
				ENABLE_STRICT_OBJC_MSGSEND = YES;
				ENABLE_USER_SCRIPT_SANDBOXING = YES;
				GCC_C_LANGUAGE_STANDARD = gnu17;
				GCC_NO_COMMON_BLOCKS = YES;
				GCC_WARN_64_TO_32_BIT_CONVERSION = YES;
				GCC_WARN_ABOUT_RETURN_TYPE = YES_ERROR;
				GCC_WARN_UNDECLARED_SELECTOR = YES;
				GCC_WARN_UNINITIALIZED_AUTOS = YES_AGGRESSIVE;
				GCC_WARN_UNUSED_FUNCTION = YES;
				GCC_WARN_UNUSED_VARIABLE = YES;
				IPHONEOS_DEPLOYMENT_TARGET = 17.0;
				LOCALIZATION_PREFERS_STRING_CATALOGS = YES;
				MTL_ENABLE_DEBUG_INFO = NO;
				MTL_FAST_MATH = YES;
				SDKROOT = iphoneos;
				SWIFT_COMPILATION_MODE = wholemodule;
				VALIDATE_PRODUCT = YES;
			};
			name = Release;
		};
		068FE3A92B1544D500CEFE40 /* Debug */ = {
			isa = XCBuildConfiguration;
			buildSettings = {
				ASSETCATALOG_COMPILER_APPICON_NAME = AppIcon;
				ASSETCATALOG_COMPILER_GLOBAL_ACCENT_COLOR_NAME = AccentColor;
				CODE_SIGN_STYLE = Automatic;
				CURRENT_PROJECT_VERSION = 1;
				DEVELOPMENT_ASSET_PATHS = "\"Phase_3/Preview Content\"";
				ENABLE_PREVIEWS = YES;
				GENERATE_INFOPLIST_FILE = YES;
				INFOPLIST_KEY_UIApplicationSceneManifest_Generation = YES;
				INFOPLIST_KEY_UIApplicationSupportsIndirectInputEvents = YES;
				INFOPLIST_KEY_UILaunchScreen_Generation = YES;
				INFOPLIST_KEY_UISupportedInterfaceOrientations_iPad = "UIInterfaceOrientationPortrait UIInterfaceOrientationPortraitUpsideDown UIInterfaceOrientationLandscapeLeft UIInterfaceOrientationLandscapeRight";
				INFOPLIST_KEY_UISupportedInterfaceOrientations_iPhone = "UIInterfaceOrientationPortrait UIInterfaceOrientationLandscapeLeft UIInterfaceOrientationLandscapeRight";
				LD_RUNPATH_SEARCH_PATHS = (
					"$(inherited)",
					"@executable_path/Frameworks",
				);
				MARKETING_VERSION = 1.0;
				PRODUCT_BUNDLE_IDENTIFIER = "Manya.Phase-3";
				PRODUCT_NAME = "$(TARGET_NAME)";
				SWIFT_EMIT_LOC_STRINGS = YES;
				SWIFT_VERSION = 5.0;
				TARGETED_DEVICE_FAMILY = "1,2";
			};
			name = Debug;
		};
		068FE3AA2B1544D500CEFE40 /* Release */ = {
			isa = XCBuildConfiguration;
			buildSettings = {
				ASSETCATALOG_COMPILER_APPICON_NAME = AppIcon;
				ASSETCATALOG_COMPILER_GLOBAL_ACCENT_COLOR_NAME = AccentColor;
				CODE_SIGN_STYLE = Automatic;
				CURRENT_PROJECT_VERSION = 1;
				DEVELOPMENT_ASSET_PATHS = "\"Phase_3/Preview Content\"";
				ENABLE_PREVIEWS = YES;
				GENERATE_INFOPLIST_FILE = YES;
				INFOPLIST_KEY_UIApplicationSceneManifest_Generation = YES;
				INFOPLIST_KEY_UIApplicationSupportsIndirectInputEvents = YES;
				INFOPLIST_KEY_UILaunchScreen_Generation = YES;
				INFOPLIST_KEY_UISupportedInterfaceOrientations_iPad = "UIInterfaceOrientationPortrait UIInterfaceOrientationPortraitUpsideDown UIInterfaceOrientationLandscapeLeft UIInterfaceOrientationLandscapeRight";
				INFOPLIST_KEY_UISupportedInterfaceOrientations_iPhone = "UIInterfaceOrientationPortrait UIInterfaceOrientationLandscapeLeft UIInterfaceOrientationLandscapeRight";
				LD_RUNPATH_SEARCH_PATHS = (
					"$(inherited)",
					"@executable_path/Frameworks",
				);
				MARKETING_VERSION = 1.0;
				PRODUCT_BUNDLE_IDENTIFIER = "Manya.Phase-3";
				PRODUCT_NAME = "$(TARGET_NAME)";
				SWIFT_EMIT_LOC_STRINGS = YES;
				SWIFT_VERSION = 5.0;
				TARGETED_DEVICE_FAMILY = "1,2";
			};
			name = Release;
		};
		068FE3AC2B1544D500CEFE40 /* Debug */ = {
			isa = XCBuildConfiguration;
			buildSettings = {
				ALWAYS_EMBED_SWIFT_STANDARD_LIBRARIES = YES;
				BUNDLE_LOADER = "$(TEST_HOST)";
				CODE_SIGN_STYLE = Automatic;
				CURRENT_PROJECT_VERSION = 1;
				GENERATE_INFOPLIST_FILE = YES;
				IPHONEOS_DEPLOYMENT_TARGET = 17.0;
				MARKETING_VERSION = 1.0;
				PRODUCT_BUNDLE_IDENTIFIER = "Manya.Phase-3Tests";
				PRODUCT_NAME = "$(TARGET_NAME)";
				SWIFT_EMIT_LOC_STRINGS = NO;
				SWIFT_VERSION = 5.0;
				TARGETED_DEVICE_FAMILY = "1,2";
				TEST_HOST = "$(BUILT_PRODUCTS_DIR)/Phase_3.app/$(BUNDLE_EXECUTABLE_FOLDER_PATH)/Phase_3";
			};
			name = Debug;
		};
		068FE3AD2B1544D500CEFE40 /* Release */ = {
			isa = XCBuildConfiguration;
			buildSettings = {
				ALWAYS_EMBED_SWIFT_STANDARD_LIBRARIES = YES;
				BUNDLE_LOADER = "$(TEST_HOST)";
				CODE_SIGN_STYLE = Automatic;
				CURRENT_PROJECT_VERSION = 1;
				GENERATE_INFOPLIST_FILE = YES;
				IPHONEOS_DEPLOYMENT_TARGET = 17.0;
				MARKETING_VERSION = 1.0;
				PRODUCT_BUNDLE_IDENTIFIER = "Manya.Phase-3Tests";
				PRODUCT_NAME = "$(TARGET_NAME)";
				SWIFT_EMIT_LOC_STRINGS = NO;
				SWIFT_VERSION = 5.0;
				TARGETED_DEVICE_FAMILY = "1,2";
				TEST_HOST = "$(BUILT_PRODUCTS_DIR)/Phase_3.app/$(BUNDLE_EXECUTABLE_FOLDER_PATH)/Phase_3";
			};
			name = Release;
		};
		068FE3AF2B1544D500CEFE40 /* Debug */ = {
			isa = XCBuildConfiguration;
			buildSettings = {
				ALWAYS_EMBED_SWIFT_STANDARD_LIBRARIES = YES;
				CODE_SIGN_STYLE = Automatic;
				CURRENT_PROJECT_VERSION = 1;
				GENERATE_INFOPLIST_FILE = YES;
				MARKETING_VERSION = 1.0;
				PRODUCT_BUNDLE_IDENTIFIER = "Manya.Phase-3UITests";
				PRODUCT_NAME = "$(TARGET_NAME)";
				SWIFT_EMIT_LOC_STRINGS = NO;
				SWIFT_VERSION = 5.0;
				TARGETED_DEVICE_FAMILY = "1,2";
				TEST_TARGET_NAME = Phase_3;
			};
			name = Debug;
		};
		068FE3B02B1544D500CEFE40 /* Release */ = {
			isa = XCBuildConfiguration;
			buildSettings = {
				ALWAYS_EMBED_SWIFT_STANDARD_LIBRARIES = YES;
				CODE_SIGN_STYLE = Automatic;
				CURRENT_PROJECT_VERSION = 1;
				GENERATE_INFOPLIST_FILE = YES;
				MARKETING_VERSION = 1.0;
				PRODUCT_BUNDLE_IDENTIFIER = "Manya.Phase-3UITests";
				PRODUCT_NAME = "$(TARGET_NAME)";
				SWIFT_EMIT_LOC_STRINGS = NO;
				SWIFT_VERSION = 5.0;
				TARGETED_DEVICE_FAMILY = "1,2";
				TEST_TARGET_NAME = Phase_3;
			};
			name = Release;
		};
/* End XCBuildConfiguration section */

/* Begin XCConfigurationList section */
		068FE37F2B1544D100CEFE40 /* Build configuration list for PBXProject "Phase_3" */ = {
			isa = XCConfigurationList;
			buildConfigurations = (
				068FE3A62B1544D500CEFE40 /* Debug */,
				068FE3A72B1544D500CEFE40 /* Release */,
			);
			defaultConfigurationIsVisible = 0;
			defaultConfigurationName = Release;
		};
		068FE3A82B1544D500CEFE40 /* Build configuration list for PBXNativeTarget "Phase_3" */ = {
			isa = XCConfigurationList;
			buildConfigurations = (
				068FE3A92B1544D500CEFE40 /* Debug */,
				068FE3AA2B1544D500CEFE40 /* Release */,
			);
			defaultConfigurationIsVisible = 0;
			defaultConfigurationName = Release;
		};
		068FE3AB2B1544D500CEFE40 /* Build configuration list for PBXNativeTarget "Phase_3Tests" */ = {
			isa = XCConfigurationList;
			buildConfigurations = (
				068FE3AC2B1544D500CEFE40 /* Debug */,
				068FE3AD2B1544D500CEFE40 /* Release */,
			);
			defaultConfigurationIsVisible = 0;
			defaultConfigurationName = Release;
		};
		068FE3AE2B1544D500CEFE40 /* Build configuration list for PBXNativeTarget "Phase_3UITests" */ = {
			isa = XCConfigurationList;
			buildConfigurations = (
				068FE3AF2B1544D500CEFE40 /* Debug */,
				068FE3B02B1544D500CEFE40 /* Release */,
			);
			defaultConfigurationIsVisible = 0;
			defaultConfigurationName = Release;
		};
/* End XCConfigurationList section */

/* Begin XCRemoteSwiftPackageReference section */
		068FE3C92B154A6900CEFE40 /* XCRemoteSwiftPackageReference "firebase-ios-sdk" */ = {
			isa = XCRemoteSwiftPackageReference;
			repositoryURL = "https://github.com/firebase/firebase-ios-sdk.git";
			requirement = {
				kind = upToNextMajorVersion;
				minimumVersion = 10.18.0;
			};
		};
/* End XCRemoteSwiftPackageReference section */

/* Begin XCSwiftPackageProductDependency section */
		068FE3CA2B154A6900CEFE40 /* FirebaseAuth */ = {
			isa = XCSwiftPackageProductDependency;
			package = 068FE3C92B154A6900CEFE40 /* XCRemoteSwiftPackageReference "firebase-ios-sdk" */;
			productName = FirebaseAuth;
		};
		068FE3CC2B154A6900CEFE40 /* FirebaseFirestore */ = {
			isa = XCSwiftPackageProductDependency;
			package = 068FE3C92B154A6900CEFE40 /* XCRemoteSwiftPackageReference "firebase-ios-sdk" */;
			productName = FirebaseFirestore;
		};
/* End XCSwiftPackageProductDependency section */
	};
	rootObject = 068FE37C2B1544D100CEFE40 /* Project object */;
}
